Microsoft Visual Studio Solution File, Format Version 12.00
# Visual Studio Version 17
VisualStudioVersion = 17.0.31903.59
MinimumVisualStudioVersion = 10.0.40219.1
Project("{FAE04EC0-301F-11D3-BF4B-00C04F79EFBC}") = "PracticeConsoleGame", "PracticeConsoleGame\PracticeConsoleGame.csproj", "{723D0167-430B-49A6-B61F-6B54D34481B5}"
EndProject
Project("{FAE04EC0-301F-11D3-BF4B-00C04F79EFBC}") = "UnitTests", "UnitTests\UnitTests.csproj", "{9397E458-B520-4A4D-B7A2-16E9591589BD}"
EndProject
Project("{FAE04EC0-301F-11D3-BF4B-00C04F79EFBC}") = "WinFormsGame", "WinFormsGame\WinFormsGame.csproj", "{6BED605B-4B44-F8DC-FBF6-EB439F44031B}"
EndProject
Global
	GlobalSection(SolutionConfigurationPlatforms) = preSolution
		Debug|Any CPU = Debug|Any CPU
		Release|Any CPU = Release|Any CPU
	EndGlobalSection
	GlobalSection(ProjectConfigurationPlatforms) = postSolution
		{723D0167-430B-49A6-B61F-6B54D34481B5}.Debug|Any CPU.ActiveCfg = Debug|Any CPU
		{723D0167-430B-49A6-B61F-6B54D34481B5}.Debug|Any CPU.Build.0 = Debug|Any CPU
		{723D0167-430B-49A6-B61F-6B54D34481B5}.Release|Any CPU.ActiveCfg = Release|Any CPU
		{723D0167-430B-49A6-B61F-6B54D34481B5}.Release|Any CPU.Build.0 = Release|Any CPU
		{9397E458-B520-4A4D-B7A2-16E9591589BD}.Debug|Any CPU.ActiveCfg = Debug|Any CPU
		{9397E458-B520-4A4D-B7A2-16E9591589BD}.Debug|Any CPU.Build.0 = Debug|Any CPU
		{9397E458-B520-4A4D-B7A2-16E9591589BD}.Release|Any CPU.ActiveCfg = Release|Any CPU
		{9397E458-B520-4A4D-B7A2-16E9591589BD}.Release|Any CPU.Build.0 = Release|Any CPU
		{6BED605B-4B44-F8DC-FBF6-EB439F44031B}.Debug|Any CPU.ActiveCfg = Debug|Any CPU
		{6BED605B-4B44-F8DC-FBF6-EB439F44031B}.Debug|Any CPU.Build.0 = Debug|Any CPU
		{6BED605B-4B44-F8DC-FBF6-EB439F44031B}.Release|Any CPU.ActiveCfg = Release|Any CPU
		{6BED605B-4B44-F8DC-FBF6-EB439F44031B}.Release|Any CPU.Build.0 = Release|Any CPU
	EndGlobalSection
	GlobalSection(SolutionProperties) = preSolution
		HideSolutionNode = FALSE
	EndGlobalSection
	GlobalSection(ExtensibilityGlobals) = postSolution
		SolutionGuid = {54EC962D-5E39-4A01-9C67-0CB07B3A4209}
	EndGlobalSection
EndGlobal
